# This file is automatically @generated by Cargo.
# It is not intended for manual editing.
version = 4

[[package]]
name = "cooper"
version = "0.1.0"
dependencies = [
 "cooper-core",
]

[[package]]
name = "cooper-core"
version = "0.1.0"

[[package]]
name = "cooper-web"
version = "0.1.0"
dependencies = [
 "cooper-core",
]
